// !$*UTF8*$!
{
	archiveVersion = 1;
	classes = {
	};
	objectVersion = 48;
	objects = {

/* Begin PBXBuildFile section */
		2A4016BCB07EF6B82FBFA829 /* libPods-iOS-OC-Project.a in Frameworks */ = {isa = PBXBuildFile; fileRef = 939E623135E0CC9B12F2E597 /* libPods-iOS-OC-Project.a */; };
		EA145806206C706200EAF442 /* HomeVC.m in Sources */ = {isa = PBXBuildFile; fileRef = EA145805206C706200EAF442 /* HomeVC.m */; };
		EA14580C206C7CD300EAF442 /* UIColor+SIX.m in Sources */ = {isa = PBXBuildFile; fileRef = EA14580B206C7CD300EAF442 /* UIColor+SIX.m */; };
		EA145810206C8B5A00EAF442 /* TabBarController.m in Sources */ = {isa = PBXBuildFile; fileRef = EA14580F206C8B5A00EAF442 /* TabBarController.m */; };
		EA145813206C903B00EAF442 /* UIImage+SIX.m in Sources */ = {isa = PBXBuildFile; fileRef = EA145812206C903B00EAF442 /* UIImage+SIX.m */; };
		EA145816206C97F800EAF442 /* HomeModel.m in Sources */ = {isa = PBXBuildFile; fileRef = EA145815206C97F800EAF442 /* HomeModel.m */; };
		EA14581A206D046C00EAF442 /* ShowVC.m in Sources */ = {isa = PBXBuildFile; fileRef = EA145819206D046C00EAF442 /* ShowVC.m */; };
		EA14581D206D049F00EAF442 /* UIViewController+SIX.m in Sources */ = {isa = PBXBuildFile; fileRef = EA14581C206D049F00EAF442 /* UIViewController+SIX.m */; };
		EA145823206DF7EB00EAF442 /* HomeViewModel.m in Sources */ = {isa = PBXBuildFile; fileRef = EA145822206DF7EB00EAF442 /* HomeViewModel.m */; };
		EA145827206E38CC00EAF442 /* HomeCell.m in Sources */ = {isa = PBXBuildFile; fileRef = EA145825206E38CC00EAF442 /* HomeCell.m */; };
		EA145828206E38CC00EAF442 /* HomeCell.xib in Resources */ = {isa = PBXBuildFile; fileRef = EA145826206E38CC00EAF442 /* HomeCell.xib */; };
		EA14582B206E447C00EAF442 /* NavigationController.m in Sources */ = {isa = PBXBuildFile; fileRef = EA14582A206E447C00EAF442 /* NavigationController.m */; };
		EA145833206E4D8900EAF442 /* TimeLineLayer.m in Sources */ = {isa = PBXBuildFile; fileRef = EA145832206E4D8900EAF442 /* TimeLineLayer.m */; };
		EA14583A206F125700EAF442 /* VCLayerTimeLine.m in Sources */ = {isa = PBXBuildFile; fileRef = EA145838206F125700EAF442 /* VCLayerTimeLine.m */; };
		EA14583B206F125700EAF442 /* VCLayerTimeLine.xib in Resources */ = {isa = PBXBuildFile; fileRef = EA145839206F125700EAF442 /* VCLayerTimeLine.xib */; };
		EA3669E6207AF29A00138A42 /* MHPTitleBar.m in Sources */ = {isa = PBXBuildFile; fileRef = EA3669E5207AF29A00138A42 /* MHPTitleBar.m */; };
		EA4808F82063BDDC0089EA3E /* ARScanView.m in Sources */ = {isa = PBXBuildFile; fileRef = EA4808F72063BDDC0089EA3E /* ARScanView.m */; };
		EA4808FB2063CAA30089EA3E /* PageViewController.m in Sources */ = {isa = PBXBuildFile; fileRef = EA4808FA2063CAA30089EA3E /* PageViewController.m */; };
		EA4808FE2063CAEC0089EA3E /* VCARScan.m in Sources */ = {isa = PBXBuildFile; fileRef = EA4808FD2063CAEC0089EA3E /* VCARScan.m */; };
		EA48090420650E110089EA3E /* ARScanBackgroundLayer.m in Sources */ = {isa = PBXBuildFile; fileRef = EA48090320650E110089EA3E /* ARScanBackgroundLayer.m */; };
		EA54433A207A17D000D7B39D /* WaterWaveView.m in Sources */ = {isa = PBXBuildFile; fileRef = EA544339207A17D000D7B39D /* WaterWaveView.m */; };
		EA54433D207A18E300D7B39D /* WaterWaveLayer.m in Sources */ = {isa = PBXBuildFile; fileRef = EA54433C207A18E300D7B39D /* WaterWaveLayer.m */; };
		EA544343207A2C1000D7B39D /* RDWave.m in Sources */ = {isa = PBXBuildFile; fileRef = EA544340207A2C0F00D7B39D /* RDWave.m */; };
		EA544344207A2C1000D7B39D /* RDWaveView.m in Sources */ = {isa = PBXBuildFile; fileRef = EA544341207A2C0F00D7B39D /* RDWaveView.m */; };
		EA9A55CB205FCF4E00056346 /* AppDelegate.m in Sources */ = {isa = PBXBuildFile; fileRef = EA9A55CA205FCF4E00056346 /* AppDelegate.m */; };
		EA9A55D3205FCF4E00056346 /* Assets.xcassets in Resources */ = {isa = PBXBuildFile; fileRef = EA9A55D2205FCF4E00056346 /* Assets.xcassets */; };
		EA9A55D6205FCF4E00056346 /* LaunchScreen.storyboard in Resources */ = {isa = PBXBuildFile; fileRef = EA9A55D4205FCF4E00056346 /* LaunchScreen.storyboard */; };
		EA9A55D9205FCF4E00056346 /* main.m in Sources */ = {isa = PBXBuildFile; fileRef = EA9A55D8205FCF4E00056346 /* main.m */; };
		EA9A55E3205FCF4E00056346 /* iOS_OC_ProjectTests.m in Sources */ = {isa = PBXBuildFile; fileRef = EA9A55E2205FCF4E00056346 /* iOS_OC_ProjectTests.m */; };
		EA9A55EE205FCF4E00056346 /* iOS_OC_ProjectUITests.m in Sources */ = {isa = PBXBuildFile; fileRef = EA9A55ED205FCF4E00056346 /* iOS_OC_ProjectUITests.m */; };
		EA9A55FE205FD5C600056346 /* PageView.m in Sources */ = {isa = PBXBuildFile; fileRef = EA9A55FD205FD5C600056346 /* PageView.m */; };
		EAC1889A212EA89600462512 /* VCTest.m in Sources */ = {isa = PBXBuildFile; fileRef = EAC18899212EA89600462512 /* VCTest.m */; };
		EAC188A2212EB31000462512 /* SIXConst.m in Sources */ = {isa = PBXBuildFile; fileRef = EAC188A1212EB31000462512 /* SIXConst.m */; };
		EAC188AE212EB6A300462512 /* UIView+SIX.m in Sources */ = {isa = PBXBuildFile; fileRef = EAC188AD212EB6A300462512 /* UIView+SIX.m */; };
		EAD00DDB208796840085131E /* Bluetooth.m in Sources */ = {isa = PBXBuildFile; fileRef = EAD00DDA208796840085131E /* Bluetooth.m */; };
		EAD00DDF2087992D0085131E /* Helper.m in Sources */ = {isa = PBXBuildFile; fileRef = EAD00DDE2087992D0085131E /* Helper.m */; };
		EAD00DE220879ABD0085131E /* UIApplication+SIX.m in Sources */ = {isa = PBXBuildFile; fileRef = EAD00DE120879ABD0085131E /* UIApplication+SIX.m */; };
		EAD00DE520879FCB0085131E /* BluetoothVC.m in Sources */ = {isa = PBXBuildFile; fileRef = EAD00DE420879FCB0085131E /* BluetoothVC.m */; };
		EAD00DEA2087A5A00085131E /* BluetoothCell.m in Sources */ = {isa = PBXBuildFile; fileRef = EAD00DE82087A5A00085131E /* BluetoothCell.m */; };
		EAD00DEB2087A5A00085131E /* BluetoothCell.xib in Resources */ = {isa = PBXBuildFile; fileRef = EAD00DE92087A5A00085131E /* BluetoothCell.xib */; };
		EADC51F8213D16420090408B /* VCTest.xib in Resources */ = {isa = PBXBuildFile; fileRef = EADC51F7213D16420090408B /* VCTest.xib */; };
		EADE41E9207863A000C5A733 /* WaveLayer.m in Sources */ = {isa = PBXBuildFile; fileRef = EADE41E8207863A000C5A733 /* WaveLayer.m */; };
		EADE41EC207863C400C5A733 /* WaveView.m in Sources */ = {isa = PBXBuildFile; fileRef = EADE41EB207863C400C5A733 /* WaveView.m */; };
		EADE41EF207863DF00C5A733 /* WaveVC.m in Sources */ = {isa = PBXBuildFile; fileRef = EADE41EE207863DF00C5A733 /* WaveVC.m */; };
		EAF0A8F621057BC300ADC972 /* ExcelVC.m in Sources */ = {isa = PBXBuildFile; fileRef = EAF0A8F521057BC300ADC972 /* ExcelVC.m */; };
		EAF0A8F92105C1F200ADC972 /* ExcelShareItem.m in Sources */ = {isa = PBXBuildFile; fileRef = EAF0A8F82105C1F200ADC972 /* ExcelShareItem.m */; };
		EAF954E621080CA0000F3A43 /* TextKitDemoVC.m in Sources */ = {isa = PBXBuildFile; fileRef = EAF954E521080CA0000F3A43 /* TextKitDemoVC.m */; };
/* End PBXBuildFile section */

/* Begin PBXContainerItemProxy section */
		EA9A55DF205FCF4E00056346 /* PBXContainerItemProxy */ = {
			isa = PBXContainerItemProxy;
			containerPortal = EA9A55BE205FCF4D00056346 /* Project object */;
			proxyType = 1;
			remoteGlobalIDString = EA9A55C5205FCF4D00056346;
			remoteInfo = "iOS-OC-Project";
		};
		EA9A55EA205FCF4E00056346 /* PBXContainerItemProxy */ = {
			isa = PBXContainerItemProxy;
			containerPortal = EA9A55BE205FCF4D00056346 /* Project object */;
			proxyType = 1;
			remoteGlobalIDString = EA9A55C5205FCF4D00056346;
			remoteInfo = "iOS-OC-Project";
		};
/* End PBXContainerItemProxy section */

/* Begin PBXFileReference section */
		939E623135E0CC9B12F2E597 /* libPods-iOS-OC-Project.a */ = {isa = PBXFileReference; explicitFileType = archive.ar; includeInIndex = 0; path = "libPods-iOS-OC-Project.a"; sourceTree = BUILT_PRODUCTS_DIR; };
		B363D56364DEA0E1991B7902 /* Pods-iOS-OC-Project.release.xcconfig */ = {isa = PBXFileReference; includeInIndex = 1; lastKnownFileType = text.xcconfig; name = "Pods-iOS-OC-Project.release.xcconfig"; path = "Pods/Target Support Files/Pods-iOS-OC-Project/Pods-iOS-OC-Project.release.xcconfig"; sourceTree = "<group>"; };
		BEC0B5037C5A5B54A4713E73 /* Pods-iOS-OC-Project.debug.xcconfig */ = {isa = PBXFileReference; includeInIndex = 1; lastKnownFileType = text.xcconfig; name = "Pods-iOS-OC-Project.debug.xcconfig"; path = "Pods/Target Support Files/Pods-iOS-OC-Project/Pods-iOS-OC-Project.debug.xcconfig"; sourceTree = "<group>"; };
		EA145804206C706200EAF442 /* HomeVC.h */ = {isa = PBXFileReference; lastKnownFileType = sourcecode.c.h; path = HomeVC.h; sourceTree = "<group>"; };
		EA145805206C706200EAF442 /* HomeVC.m */ = {isa = PBXFileReference; lastKnownFileType = sourcecode.c.objc; path = HomeVC.m; sourceTree = "<group>"; };
		EA14580A206C7CD300EAF442 /* UIColor+SIX.h */ = {isa = PBXFileReference; lastKnownFileType = sourcecode.c.h; path = "UIColor+SIX.h"; sourceTree = "<group>"; };
		EA14580B206C7CD300EAF442 /* UIColor+SIX.m */ = {isa = PBXFileReference; lastKnownFileType = sourcecode.c.objc; path = "UIColor+SIX.m"; sourceTree = "<group>"; };
		EA14580D206C7EAC00EAF442 /* PrefixHeader.pch */ = {isa = PBXFileReference; lastKnownFileType = sourcecode.c.h; path = PrefixHeader.pch; sourceTree = "<group>"; };
		EA14580E206C8B5A00EAF442 /* TabBarController.h */ = {isa = PBXFileReference; lastKnownFileType = sourcecode.c.h; path = TabBarController.h; sourceTree = "<group>"; };
		EA14580F206C8B5A00EAF442 /* TabBarController.m */ = {isa = PBXFileReference; lastKnownFileType = sourcecode.c.objc; path = TabBarController.m; sourceTree = "<group>"; };
		EA145811206C903B00EAF442 /* UIImage+SIX.h */ = {isa = PBXFileReference; lastKnownFileType = sourcecode.c.h; path = "UIImage+SIX.h"; sourceTree = "<group>"; };
		EA145812206C903B00EAF442 /* UIImage+SIX.m */ = {isa = PBXFileReference; lastKnownFileType = sourcecode.c.objc; path = "UIImage+SIX.m"; sourceTree = "<group>"; };
		EA145814206C97F800EAF442 /* HomeModel.h */ = {isa = PBXFileReference; lastKnownFileType = sourcecode.c.h; path = HomeModel.h; sourceTree = "<group>"; };
		EA145815206C97F800EAF442 /* HomeModel.m */ = {isa = PBXFileReference; lastKnownFileType = sourcecode.c.objc; path = HomeModel.m; sourceTree = "<group>"; };
		EA145818206D046C00EAF442 /* ShowVC.h */ = {isa = PBXFileReference; lastKnownFileType = sourcecode.c.h; path = ShowVC.h; sourceTree = "<group>"; };
		EA145819206D046C00EAF442 /* ShowVC.m */ = {isa = PBXFileReference; lastKnownFileType = sourcecode.c.objc; path = ShowVC.m; sourceTree = "<group>"; };
		EA14581B206D049F00EAF442 /* UIViewController+SIX.h */ = {isa = PBXFileReference; lastKnownFileType = sourcecode.c.h; path = "UIViewController+SIX.h"; sourceTree = "<group>"; };
		EA14581C206D049F00EAF442 /* UIViewController+SIX.m */ = {isa = PBXFileReference; lastKnownFileType = sourcecode.c.objc; path = "UIViewController+SIX.m"; sourceTree = "<group>"; };
		EA145821206DF7EB00EAF442 /* HomeViewModel.h */ = {isa = PBXFileReference; lastKnownFileType = sourcecode.c.h; path = HomeViewModel.h; sourceTree = "<group>"; };
		EA145822206DF7EB00EAF442 /* HomeViewModel.m */ = {isa = PBXFileReference; lastKnownFileType = sourcecode.c.objc; path = HomeViewModel.m; sourceTree = "<group>"; };
		EA145824206E38CC00EAF442 /* HomeCell.h */ = {isa = PBXFileReference; lastKnownFileType = sourcecode.c.h; path = HomeCell.h; sourceTree = "<group>"; };
		EA145825206E38CC00EAF442 /* HomeCell.m */ = {isa = PBXFileReference; lastKnownFileType = sourcecode.c.objc; path = HomeCell.m; sourceTree = "<group>"; };
		EA145826206E38CC00EAF442 /* HomeCell.xib */ = {isa = PBXFileReference; lastKnownFileType = file.xib; path = HomeCell.xib; sourceTree = "<group>"; };
		EA145829206E447C00EAF442 /* NavigationController.h */ = {isa = PBXFileReference; lastKnownFileType = sourcecode.c.h; path = NavigationController.h; sourceTree = "<group>"; };
		EA14582A206E447C00EAF442 /* NavigationController.m */ = {isa = PBXFileReference; lastKnownFileType = sourcecode.c.objc; path = NavigationController.m; sourceTree = "<group>"; };
		EA145831206E4D8900EAF442 /* TimeLineLayer.h */ = {isa = PBXFileReference; lastKnownFileType = sourcecode.c.h; path = TimeLineLayer.h; sourceTree = "<group>"; };
		EA145832206E4D8900EAF442 /* TimeLineLayer.m */ = {isa = PBXFileReference; lastKnownFileType = sourcecode.c.objc; path = TimeLineLayer.m; sourceTree = "<group>"; };
		EA145837206F125700EAF442 /* VCLayerTimeLine.h */ = {isa = PBXFileReference; lastKnownFileType = sourcecode.c.h; path = VCLayerTimeLine.h; sourceTree = "<group>"; };
		EA145838206F125700EAF442 /* VCLayerTimeLine.m */ = {isa = PBXFileReference; lastKnownFileType = sourcecode.c.objc; path = VCLayerTimeLine.m; sourceTree = "<group>"; };
		EA145839206F125700EAF442 /* VCLayerTimeLine.xib */ = {isa = PBXFileReference; lastKnownFileType = file.xib; path = VCLayerTimeLine.xib; sourceTree = "<group>"; };
		EA3669E4207AF29A00138A42 /* MHPTitleBar.h */ = {isa = PBXFileReference; fileEncoding = 4; lastKnownFileType = sourcecode.c.h; path = MHPTitleBar.h; sourceTree = "<group>"; };
		EA3669E5207AF29A00138A42 /* MHPTitleBar.m */ = {isa = PBXFileReference; fileEncoding = 4; lastKnownFileType = sourcecode.c.objc; path = MHPTitleBar.m; sourceTree = "<group>"; };
		EA4808F62063BDDC0089EA3E /* ARScanView.h */ = {isa = PBXFileReference; lastKnownFileType = sourcecode.c.h; path = ARScanView.h; sourceTree = "<group>"; };
		EA4808F72063BDDC0089EA3E /* ARScanView.m */ = {isa = PBXFileReference; lastKnownFileType = sourcecode.c.objc; path = ARScanView.m; sourceTree = "<group>"; };
		EA4808F92063CAA30089EA3E /* PageViewController.h */ = {isa = PBXFileReference; lastKnownFileType = sourcecode.c.h; path = PageViewController.h; sourceTree = "<group>"; };
		EA4808FA2063CAA30089EA3E /* PageViewController.m */ = {isa = PBXFileReference; lastKnownFileType = sourcecode.c.objc; path = PageViewController.m; sourceTree = "<group>"; };
		EA4808FC2063CAEC0089EA3E /* VCARScan.h */ = {isa = PBXFileReference; lastKnownFileType = sourcecode.c.h; path = VCARScan.h; sourceTree = "<group>"; };
		EA4808FD2063CAEC0089EA3E /* VCARScan.m */ = {isa = PBXFileReference; lastKnownFileType = sourcecode.c.objc; path = VCARScan.m; sourceTree = "<group>"; };
		EA48090220650E110089EA3E /* ARScanBackgroundLayer.h */ = {isa = PBXFileReference; lastKnownFileType = sourcecode.c.h; path = ARScanBackgroundLayer.h; sourceTree = "<group>"; };
		EA48090320650E110089EA3E /* ARScanBackgroundLayer.m */ = {isa = PBXFileReference; lastKnownFileType = sourcecode.c.objc; path = ARScanBackgroundLayer.m; sourceTree = "<group>"; };
		EA544338207A17D000D7B39D /* WaterWaveView.h */ = {isa = PBXFileReference; lastKnownFileType = sourcecode.c.h; path = WaterWaveView.h; sourceTree = "<group>"; };
		EA544339207A17D000D7B39D /* WaterWaveView.m */ = {isa = PBXFileReference; lastKnownFileType = sourcecode.c.objc; path = WaterWaveView.m; sourceTree = "<group>"; };
		EA54433B207A18E300D7B39D /* WaterWaveLayer.h */ = {isa = PBXFileReference; lastKnownFileType = sourcecode.c.h; path = WaterWaveLayer.h; sourceTree = "<group>"; };
		EA54433C207A18E300D7B39D /* WaterWaveLayer.m */ = {isa = PBXFileReference; lastKnownFileType = sourcecode.c.objc; path = WaterWaveLayer.m; sourceTree = "<group>"; };
		EA54433F207A2C0F00D7B39D /* RDWaveView.h */ = {isa = PBXFileReference; fileEncoding = 4; lastKnownFileType = sourcecode.c.h; name = RDWaveView.h; path = ../../../../RDWave/RDWave/RDWaveView.h; sourceTree = "<group>"; };
		EA544340207A2C0F00D7B39D /* RDWave.m */ = {isa = PBXFileReference; fileEncoding = 4; lastKnownFileType = sourcecode.c.objc; path = RDWave.m; sourceTree = "<group>"; };
		EA544341207A2C0F00D7B39D /* RDWaveView.m */ = {isa = PBXFileReference; fileEncoding = 4; lastKnownFileType = sourcecode.c.objc; name = RDWaveView.m; path = ../../../../RDWave/RDWave/RDWaveView.m; sourceTree = "<group>"; };
		EA544342207A2C1000D7B39D /* RDWave.h */ = {isa = PBXFileReference; fileEncoding = 4; lastKnownFileType = sourcecode.c.h; path = RDWave.h; sourceTree = "<group>"; };
		EA9A55C6205FCF4D00056346 /* iOS-OC-Project.app */ = {isa = PBXFileReference; explicitFileType = wrapper.application; includeInIndex = 0; path = "iOS-OC-Project.app"; sourceTree = BUILT_PRODUCTS_DIR; };
		EA9A55C9205FCF4E00056346 /* AppDelegate.h */ = {isa = PBXFileReference; lastKnownFileType = sourcecode.c.h; path = AppDelegate.h; sourceTree = "<group>"; };
		EA9A55CA205FCF4E00056346 /* AppDelegate.m */ = {isa = PBXFileReference; lastKnownFileType = sourcecode.c.objc; path = AppDelegate.m; sourceTree = "<group>"; };
		EA9A55D2205FCF4E00056346 /* Assets.xcassets */ = {isa = PBXFileReference; lastKnownFileType = folder.assetcatalog; path = Assets.xcassets; sourceTree = "<group>"; };
		EA9A55D5205FCF4E00056346 /* Base */ = {isa = PBXFileReference; lastKnownFileType = file.storyboard; name = Base; path = Base.lproj/LaunchScreen.storyboard; sourceTree = "<group>"; };
		EA9A55D7205FCF4E00056346 /* Info.plist */ = {isa = PBXFileReference; lastKnownFileType = text.plist.xml; path = Info.plist; sourceTree = "<group>"; };
		EA9A55D8205FCF4E00056346 /* main.m */ = {isa = PBXFileReference; lastKnownFileType = sourcecode.c.objc; path = main.m; sourceTree = "<group>"; };
		EA9A55DE205FCF4E00056346 /* iOS-OC-ProjectTests.xctest */ = {isa = PBXFileReference; explicitFileType = wrapper.cfbundle; includeInIndex = 0; path = "iOS-OC-ProjectTests.xctest"; sourceTree = BUILT_PRODUCTS_DIR; };
		EA9A55E2205FCF4E00056346 /* iOS_OC_ProjectTests.m */ = {isa = PBXFileReference; lastKnownFileType = sourcecode.c.objc; path = iOS_OC_ProjectTests.m; sourceTree = "<group>"; };
		EA9A55E4205FCF4E00056346 /* Info.plist */ = {isa = PBXFileReference; lastKnownFileType = text.plist.xml; path = Info.plist; sourceTree = "<group>"; };
		EA9A55E9205FCF4E00056346 /* iOS-OC-ProjectUITests.xctest */ = {isa = PBXFileReference; explicitFileType = wrapper.cfbundle; includeInIndex = 0; path = "iOS-OC-ProjectUITests.xctest"; sourceTree = BUILT_PRODUCTS_DIR; };
		EA9A55ED205FCF4E00056346 /* iOS_OC_ProjectUITests.m */ = {isa = PBXFileReference; lastKnownFileType = sourcecode.c.objc; path = iOS_OC_ProjectUITests.m; sourceTree = "<group>"; };
		EA9A55EF205FCF4E00056346 /* Info.plist */ = {isa = PBXFileReference; lastKnownFileType = text.plist.xml; path = Info.plist; sourceTree = "<group>"; };
		EA9A55FC205FD5C600056346 /* PageView.h */ = {isa = PBXFileReference; lastKnownFileType = sourcecode.c.h; path = PageView.h; sourceTree = "<group>"; };
		EA9A55FD205FD5C600056346 /* PageView.m */ = {isa = PBXFileReference; lastKnownFileType = sourcecode.c.objc; path = PageView.m; sourceTree = "<group>"; };
		EAC18898212EA89600462512 /* VCTest.h */ = {isa = PBXFileReference; lastKnownFileType = sourcecode.c.h; path = VCTest.h; sourceTree = "<group>"; };
		EAC18899212EA89600462512 /* VCTest.m */ = {isa = PBXFileReference; lastKnownFileType = sourcecode.c.objc; path = VCTest.m; sourceTree = "<group>"; };
		EAC188A0212EB31000462512 /* SIXConst.h */ = {isa = PBXFileReference; lastKnownFileType = sourcecode.c.h; path = SIXConst.h; sourceTree = "<group>"; };
		EAC188A1212EB31000462512 /* SIXConst.m */ = {isa = PBXFileReference; lastKnownFileType = sourcecode.c.objc; path = SIXConst.m; sourceTree = "<group>"; };
		EAC188AC212EB6A300462512 /* UIView+SIX.h */ = {isa = PBXFileReference; lastKnownFileType = sourcecode.c.h; path = "UIView+SIX.h"; sourceTree = "<group>"; };
		EAC188AD212EB6A300462512 /* UIView+SIX.m */ = {isa = PBXFileReference; lastKnownFileType = sourcecode.c.objc; path = "UIView+SIX.m"; sourceTree = "<group>"; };
		EAD00DD9208796840085131E /* Bluetooth.h */ = {isa = PBXFileReference; lastKnownFileType = sourcecode.c.h; path = Bluetooth.h; sourceTree = "<group>"; };
		EAD00DDA208796840085131E /* Bluetooth.m */ = {isa = PBXFileReference; lastKnownFileType = sourcecode.c.objc; path = Bluetooth.m; sourceTree = "<group>"; };
		EAD00DDD2087992D0085131E /* Helper.h */ = {isa = PBXFileReference; lastKnownFileType = sourcecode.c.h; path = Helper.h; sourceTree = "<group>"; };
		EAD00DDE2087992D0085131E /* Helper.m */ = {isa = PBXFileReference; lastKnownFileType = sourcecode.c.objc; path = Helper.m; sourceTree = "<group>"; };
		EAD00DE020879ABD0085131E /* UIApplication+SIX.h */ = {isa = PBXFileReference; lastKnownFileType = sourcecode.c.h; path = "UIApplication+SIX.h"; sourceTree = "<group>"; };
		EAD00DE120879ABD0085131E /* UIApplication+SIX.m */ = {isa = PBXFileReference; lastKnownFileType = sourcecode.c.objc; path = "UIApplication+SIX.m"; sourceTree = "<group>"; };
		EAD00DE320879FCB0085131E /* BluetoothVC.h */ = {isa = PBXFileReference; lastKnownFileType = sourcecode.c.h; path = BluetoothVC.h; sourceTree = "<group>"; };
		EAD00DE420879FCB0085131E /* BluetoothVC.m */ = {isa = PBXFileReference; lastKnownFileType = sourcecode.c.objc; path = BluetoothVC.m; sourceTree = "<group>"; };
		EAD00DE62087A0D30085131E /* ShowProtocol.h */ = {isa = PBXFileReference; lastKnownFileType = sourcecode.c.h; path = ShowProtocol.h; sourceTree = "<group>"; };
		EAD00DE72087A5A00085131E /* BluetoothCell.h */ = {isa = PBXFileReference; lastKnownFileType = sourcecode.c.h; path = BluetoothCell.h; sourceTree = "<group>"; };
		EAD00DE82087A5A00085131E /* BluetoothCell.m */ = {isa = PBXFileReference; lastKnownFileType = sourcecode.c.objc; path = BluetoothCell.m; sourceTree = "<group>"; };
		EAD00DE92087A5A00085131E /* BluetoothCell.xib */ = {isa = PBXFileReference; lastKnownFileType = file.xib; path = BluetoothCell.xib; sourceTree = "<group>"; };
		EADC51F7213D16420090408B /* VCTest.xib */ = {isa = PBXFileReference; lastKnownFileType = file.xib; path = VCTest.xib; sourceTree = "<group>"; };
		EADE41E7207863A000C5A733 /* WaveLayer.h */ = {isa = PBXFileReference; lastKnownFileType = sourcecode.c.h; path = WaveLayer.h; sourceTree = "<group>"; };
		EADE41E8207863A000C5A733 /* WaveLayer.m */ = {isa = PBXFileReference; lastKnownFileType = sourcecode.c.objc; path = WaveLayer.m; sourceTree = "<group>"; };
		EADE41EA207863C400C5A733 /* WaveView.h */ = {isa = PBXFileReference; lastKnownFileType = sourcecode.c.h; path = WaveView.h; sourceTree = "<group>"; };
		EADE41EB207863C400C5A733 /* WaveView.m */ = {isa = PBXFileReference; lastKnownFileType = sourcecode.c.objc; path = WaveView.m; sourceTree = "<group>"; };
		EADE41ED207863DF00C5A733 /* WaveVC.h */ = {isa = PBXFileReference; lastKnownFileType = sourcecode.c.h; path = WaveVC.h; sourceTree = "<group>"; };
		EADE41EE207863DF00C5A733 /* WaveVC.m */ = {isa = PBXFileReference; lastKnownFileType = sourcecode.c.objc; path = WaveVC.m; sourceTree = "<group>"; };
		EAF0A8F421057BC300ADC972 /* ExcelVC.h */ = {isa = PBXFileReference; lastKnownFileType = sourcecode.c.h; path = ExcelVC.h; sourceTree = "<group>"; };
		EAF0A8F521057BC300ADC972 /* ExcelVC.m */ = {isa = PBXFileReference; lastKnownFileType = sourcecode.c.objc; path = ExcelVC.m; sourceTree = "<group>"; };
		EAF0A8F72105C1F200ADC972 /* ExcelShareItem.h */ = {isa = PBXFileReference; lastKnownFileType = sourcecode.c.h; path = ExcelShareItem.h; sourceTree = "<group>"; };
		EAF0A8F82105C1F200ADC972 /* ExcelShareItem.m */ = {isa = PBXFileReference; lastKnownFileType = sourcecode.c.objc; path = ExcelShareItem.m; sourceTree = "<group>"; };
		EAF954E421080CA0000F3A43 /* TextKitDemoVC.h */ = {isa = PBXFileReference; lastKnownFileType = sourcecode.c.h; path = TextKitDemoVC.h; sourceTree = "<group>"; };
		EAF954E521080CA0000F3A43 /* TextKitDemoVC.m */ = {isa = PBXFileReference; lastKnownFileType = sourcecode.c.objc; path = TextKitDemoVC.m; sourceTree = "<group>"; };
/* End PBXFileReference section */

/* Begin PBXFrameworksBuildPhase section */
		EA9A55C3205FCF4D00056346 /* Frameworks */ = {
			isa = PBXFrameworksBuildPhase;
			buildActionMask = 2147483647;
			files = (
				2A4016BCB07EF6B82FBFA829 /* libPods-iOS-OC-Project.a in Frameworks */,
			);
			runOnlyForDeploymentPostprocessing = 0;
		};
		EA9A55DB205FCF4E00056346 /* Frameworks */ = {
			isa = PBXFrameworksBuildPhase;
			buildActionMask = 2147483647;
			files = (
			);
			runOnlyForDeploymentPostprocessing = 0;
		};
		EA9A55E6205FCF4E00056346 /* Frameworks */ = {
			isa = PBXFrameworksBuildPhase;
			buildActionMask = 2147483647;
			files = (
			);
			runOnlyForDeploymentPostprocessing = 0;
		};
/* End PBXFrameworksBuildPhase section */

/* Begin PBXGroup section */
		1D1576D2D7DD7652A49A9D36 /* Pods */ = {
			isa = PBXGroup;
			children = (
				BEC0B5037C5A5B54A4713E73 /* Pods-iOS-OC-Project.debug.xcconfig */,
				B363D56364DEA0E1991B7902 /* Pods-iOS-OC-Project.release.xcconfig */,
			);
			name = Pods;
			sourceTree = "<group>";
		};
		EA0AB15B2183FD530097DEA8 /* 今日头条首页 */ = {
			isa = PBXGroup;
			children = (
			);
			path = "今日头条首页";
			sourceTree = "<group>";
		};
		EA1457F8206C694F00EAF442 /* Animation */ = {
			isa = PBXGroup;
			children = (
				EADE41E52078602500C5A733 /* 水波动画 */,
				EA14582C206E4A3600EAF442 /* CALayer时间线 */,
				EA4808F52063BD9D0089EA3E /* 支付宝AR扫描 */,
			);
			path = Animation;
			sourceTree = "<group>";
		};
		EA1457F9206C699900EAF442 /* Support Files */ = {
			isa = PBXGroup;
			children = (
				EA9A55D2205FCF4E00056346 /* Assets.xcassets */,
				EA9A55D4205FCF4E00056346 /* LaunchScreen.storyboard */,
				EA9A55D7205FCF4E00056346 /* Info.plist */,
				EA9A55D8205FCF4E00056346 /* main.m */,
				EA14580D206C7EAC00EAF442 /* PrefixHeader.pch */,
			);
			path = "Support Files";
			sourceTree = "<group>";
		};
		EA1457FD206C6F7D00EAF442 /* HomeControllers */ = {
			isa = PBXGroup;
			children = (
				EA145804206C706200EAF442 /* HomeVC.h */,
				EA145805206C706200EAF442 /* HomeVC.m */,
				EA145821206DF7EB00EAF442 /* HomeViewModel.h */,
				EA145822206DF7EB00EAF442 /* HomeViewModel.m */,
				EA145824206E38CC00EAF442 /* HomeCell.h */,
				EA145825206E38CC00EAF442 /* HomeCell.m */,
				EA145826206E38CC00EAF442 /* HomeCell.xib */,
			);
			path = HomeControllers;
			sourceTree = "<group>";
		};
		EA145807206C7BD600EAF442 /* Main */ = {
			isa = PBXGroup;
			children = (
				EA145808206C7C1400EAF442 /* General */,
				EA1457FD206C6F7D00EAF442 /* HomeControllers */,
			);
			path = Main;
			sourceTree = "<group>";
		};
		EA145808206C7C1400EAF442 /* General */ = {
			isa = PBXGroup;
			children = (
				EAC1889F212EB29D00462512 /* Const */,
				EAD00DDC208798EE0085131E /* Tools */,
				EA145817206D044500EAF442 /* SuperClass */,
				EA145809206C7C3E00EAF442 /* Category */,
			);
			path = General;
			sourceTree = "<group>";
		};
		EA145809206C7C3E00EAF442 /* Category */ = {
			isa = PBXGroup;
			children = (
				EA14580A206C7CD300EAF442 /* UIColor+SIX.h */,
				EA14580B206C7CD300EAF442 /* UIColor+SIX.m */,
				EA145811206C903B00EAF442 /* UIImage+SIX.h */,
				EA145812206C903B00EAF442 /* UIImage+SIX.m */,
				EA14581B206D049F00EAF442 /* UIViewController+SIX.h */,
				EA14581C206D049F00EAF442 /* UIViewController+SIX.m */,
				EAD00DE020879ABD0085131E /* UIApplication+SIX.h */,
				EAD00DE120879ABD0085131E /* UIApplication+SIX.m */,
				EAC188AC212EB6A300462512 /* UIView+SIX.h */,
				EAC188AD212EB6A300462512 /* UIView+SIX.m */,
			);
			path = Category;
			sourceTree = "<group>";
		};
		EA145817206D044500EAF442 /* SuperClass */ = {
			isa = PBXGroup;
			children = (
				EAD00DE62087A0D30085131E /* ShowProtocol.h */,
				EA145818206D046C00EAF442 /* ShowVC.h */,
				EA145819206D046C00EAF442 /* ShowVC.m */,
				EA145829206E447C00EAF442 /* NavigationController.h */,
				EA14582A206E447C00EAF442 /* NavigationController.m */,
			);
			path = SuperClass;
			sourceTree = "<group>";
		};
		EA145820206DF21600EAF442 /* core */ = {
			isa = PBXGroup;
			children = (
				EA4808F62063BDDC0089EA3E /* ARScanView.h */,
				EA4808F72063BDDC0089EA3E /* ARScanView.m */,
				EA48090220650E110089EA3E /* ARScanBackgroundLayer.h */,
				EA48090320650E110089EA3E /* ARScanBackgroundLayer.m */,
			);
			name = core;
			sourceTree = "<group>";
		};
		EA14582C206E4A3600EAF442 /* CALayer时间线 */ = {
			isa = PBXGroup;
			children = (
				EA14582D206E4A5200EAF442 /* core */,
				EA145837206F125700EAF442 /* VCLayerTimeLine.h */,
				EA145838206F125700EAF442 /* VCLayerTimeLine.m */,
				EA145839206F125700EAF442 /* VCLayerTimeLine.xib */,
			);
			path = "CALayer时间线";
			sourceTree = "<group>";
		};
		EA14582D206E4A5200EAF442 /* core */ = {
			isa = PBXGroup;
			children = (
				EA145831206E4D8900EAF442 /* TimeLineLayer.h */,
				EA145832206E4D8900EAF442 /* TimeLineLayer.m */,
			);
			name = core;
			sourceTree = "<group>";
		};
		EA4808F52063BD9D0089EA3E /* 支付宝AR扫描 */ = {
			isa = PBXGroup;
			children = (
				EA145820206DF21600EAF442 /* core */,
				EA4808FC2063CAEC0089EA3E /* VCARScan.h */,
				EA4808FD2063CAEC0089EA3E /* VCARScan.m */,
			);
			path = "支付宝AR扫描";
			sourceTree = "<group>";
		};
		EA54433E207A2BD700D7B39D /* core2 */ = {
			isa = PBXGroup;
			children = (
				EA544342207A2C1000D7B39D /* RDWave.h */,
				EA544340207A2C0F00D7B39D /* RDWave.m */,
				EA54433F207A2C0F00D7B39D /* RDWaveView.h */,
				EA544341207A2C0F00D7B39D /* RDWaveView.m */,
			);
			name = core2;
			sourceTree = "<group>";
		};
		EA9A55BD205FCF4D00056346 = {
			isa = PBXGroup;
			children = (
				EA9A55C8205FCF4D00056346 /* iOS-OC-Project */,
				EA9A55E1205FCF4E00056346 /* iOS-OC-ProjectTests */,
				EA9A55EC205FCF4E00056346 /* iOS-OC-ProjectUITests */,
				EA9A55C7205FCF4D00056346 /* Products */,
				1D1576D2D7DD7652A49A9D36 /* Pods */,
				FCA48D6FAEA5A167DF3B9D93 /* Frameworks */,
			);
			sourceTree = "<group>";
		};
		EA9A55C7205FCF4D00056346 /* Products */ = {
			isa = PBXGroup;
			children = (
				EA9A55C6205FCF4D00056346 /* iOS-OC-Project.app */,
				EA9A55DE205FCF4E00056346 /* iOS-OC-ProjectTests.xctest */,
				EA9A55E9205FCF4E00056346 /* iOS-OC-ProjectUITests.xctest */,
			);
			name = Products;
			sourceTree = "<group>";
		};
		EA9A55C8205FCF4D00056346 /* iOS-OC-Project */ = {
			isa = PBXGroup;
			children = (
				EA9A55C9205FCF4E00056346 /* AppDelegate.h */,
				EA9A55CA205FCF4E00056346 /* AppDelegate.m */,
				EA14580E206C8B5A00EAF442 /* TabBarController.h */,
				EA14580F206C8B5A00EAF442 /* TabBarController.m */,
				EA145814206C97F800EAF442 /* HomeModel.h */,
				EA145815206C97F800EAF442 /* HomeModel.m */,
				EAC18898212EA89600462512 /* VCTest.h */,
				EAC18899212EA89600462512 /* VCTest.m */,
				EADC51F7213D16420090408B /* VCTest.xib */,
				EAC1889B212EA9A700462512 /* chaos */,
				EA145807206C7BD600EAF442 /* Main */,
				EA1457F8206C694F00EAF442 /* Animation */,
				EAD00DD7208795F50085131E /* Scenes */,
				EAD00DD22087930D0085131E /* Test */,
				EA1457F9206C699900EAF442 /* Support Files */,
			);
			path = "iOS-OC-Project";
			sourceTree = "<group>";
		};
		EA9A55E1205FCF4E00056346 /* iOS-OC-ProjectTests */ = {
			isa = PBXGroup;
			children = (
				EA9A55E2205FCF4E00056346 /* iOS_OC_ProjectTests.m */,
				EA9A55E4205FCF4E00056346 /* Info.plist */,
			);
			path = "iOS-OC-ProjectTests";
			sourceTree = "<group>";
		};
		EA9A55EC205FCF4E00056346 /* iOS-OC-ProjectUITests */ = {
			isa = PBXGroup;
			children = (
				EA9A55ED205FCF4E00056346 /* iOS_OC_ProjectUITests.m */,
				EA9A55EF205FCF4E00056346 /* Info.plist */,
			);
			path = "iOS-OC-ProjectUITests";
			sourceTree = "<group>";
		};
		EA9A55FB205FD10300056346 /* 微博个人主页 */ = {
			isa = PBXGroup;
			children = (
				EA3669E4207AF29A00138A42 /* MHPTitleBar.h */,
				EA3669E5207AF29A00138A42 /* MHPTitleBar.m */,
				EA9A55FC205FD5C600056346 /* PageView.h */,
				EA9A55FD205FD5C600056346 /* PageView.m */,
				EA4808F92063CAA30089EA3E /* PageViewController.h */,
				EA4808FA2063CAA30089EA3E /* PageViewController.m */,
			);
			path = "微博个人主页";
			sourceTree = "<group>";
		};
		EAC1889B212EA9A700462512 /* chaos */ = {
			isa = PBXGroup;
			children = (
			);
			path = chaos;
			sourceTree = "<group>";
		};
		EAC1889F212EB29D00462512 /* Const */ = {
			isa = PBXGroup;
			children = (
				EAC188A0212EB31000462512 /* SIXConst.h */,
				EAC188A1212EB31000462512 /* SIXConst.m */,
			);
			path = Const;
			sourceTree = "<group>";
		};
		EAD00DD22087930D0085131E /* Test */ = {
			isa = PBXGroup;
			children = (
				EAF0A8F321057B7C00ADC972 /* Excel生成 系统分享 */,
				EAD00DD3208793280085131E /* 蓝牙 */,
			);
			path = Test;
			sourceTree = "<group>";
		};
		EAD00DD3208793280085131E /* 蓝牙 */ = {
			isa = PBXGroup;
			children = (
				EAD00DD8208796580085131E /* core */,
				EAD00DE320879FCB0085131E /* BluetoothVC.h */,
				EAD00DE420879FCB0085131E /* BluetoothVC.m */,
				EAD00DE72087A5A00085131E /* BluetoothCell.h */,
				EAD00DE82087A5A00085131E /* BluetoothCell.m */,
				EAD00DE92087A5A00085131E /* BluetoothCell.xib */,
			);
			path = "蓝牙";
			sourceTree = "<group>";
		};
		EAD00DD7208795F50085131E /* Scenes */ = {
			isa = PBXGroup;
			children = (
				EA0AB15B2183FD530097DEA8 /* 今日头条首页 */,
				EAF954E321080C6A000F3A43 /* TextKit */,
				EA9A55FB205FD10300056346 /* 微博个人主页 */,
			);
			path = Scenes;
			sourceTree = "<group>";
		};
		EAD00DD8208796580085131E /* core */ = {
			isa = PBXGroup;
			children = (
				EAD00DD9208796840085131E /* Bluetooth.h */,
				EAD00DDA208796840085131E /* Bluetooth.m */,
			);
			name = core;
			sourceTree = "<group>";
		};
		EAD00DDC208798EE0085131E /* Tools */ = {
			isa = PBXGroup;
			children = (
				EAD00DDD2087992D0085131E /* Helper.h */,
				EAD00DDE2087992D0085131E /* Helper.m */,
			);
			path = Tools;
			sourceTree = "<group>";
		};
		EADE41E52078602500C5A733 /* 水波动画 */ = {
			isa = PBXGroup;
			children = (
				EA54433E207A2BD700D7B39D /* core2 */,
				EADE41F02079D1B400C5A733 /* core1 */,
				EADE41E62078603800C5A733 /* core */,
				EADE41ED207863DF00C5A733 /* WaveVC.h */,
				EADE41EE207863DF00C5A733 /* WaveVC.m */,
			);
			path = "水波动画";
			sourceTree = "<group>";
		};
		EADE41E62078603800C5A733 /* core */ = {
			isa = PBXGroup;
			children = (
				EADE41E7207863A000C5A733 /* WaveLayer.h */,
				EADE41E8207863A000C5A733 /* WaveLayer.m */,
				EADE41EA207863C400C5A733 /* WaveView.h */,
				EADE41EB207863C400C5A733 /* WaveView.m */,
			);
			name = core;
			sourceTree = "<group>";
		};
		EADE41F02079D1B400C5A733 /* core1 */ = {
			isa = PBXGroup;
			children = (
				EA54433B207A18E300D7B39D /* WaterWaveLayer.h */,
				EA54433C207A18E300D7B39D /* WaterWaveLayer.m */,
				EA544338207A17D000D7B39D /* WaterWaveView.h */,
				EA544339207A17D000D7B39D /* WaterWaveView.m */,
			);
			path = core1;
			sourceTree = "<group>";
		};
		EAF0A8F321057B7C00ADC972 /* Excel生成 系统分享 */ = {
			isa = PBXGroup;
			children = (
				EAF0A8F421057BC300ADC972 /* ExcelVC.h */,
				EAF0A8F521057BC300ADC972 /* ExcelVC.m */,
				EAF0A8F72105C1F200ADC972 /* ExcelShareItem.h */,
				EAF0A8F82105C1F200ADC972 /* ExcelShareItem.m */,
			);
			path = "Excel生成 系统分享";
			sourceTree = "<group>";
		};
		EAF954E321080C6A000F3A43 /* TextKit */ = {
			isa = PBXGroup;
			children = (
				EAF954E421080CA0000F3A43 /* TextKitDemoVC.h */,
				EAF954E521080CA0000F3A43 /* TextKitDemoVC.m */,
			);
			path = TextKit;
			sourceTree = "<group>";
		};
		FCA48D6FAEA5A167DF3B9D93 /* Frameworks */ = {
			isa = PBXGroup;
			children = (
				939E623135E0CC9B12F2E597 /* libPods-iOS-OC-Project.a */,
			);
			name = Frameworks;
			sourceTree = "<group>";
		};
/* End PBXGroup section */

/* Begin PBXNativeTarget section */
		EA9A55C5205FCF4D00056346 /* iOS-OC-Project */ = {
			isa = PBXNativeTarget;
			buildConfigurationList = EA9A55F2205FCF4E00056346 /* Build configuration list for PBXNativeTarget "iOS-OC-Project" */;
			buildPhases = (
				0EFB349F5C9568C6C08A7A9D /* [CP] Check Pods Manifest.lock */,
				EA9A55C2205FCF4D00056346 /* Sources */,
				EA9A55C3205FCF4D00056346 /* Frameworks */,
				EA9A55C4205FCF4D00056346 /* Resources */,
				7AE6BE8377573AAA4DE0C800 /* [CP] Copy Pods Resources */,
			);
			buildRules = (
			);
			dependencies = (
			);
			name = "iOS-OC-Project";
			productName = "iOS-OC-Project";
			productReference = EA9A55C6205FCF4D00056346 /* iOS-OC-Project.app */;
			productType = "com.apple.product-type.application";
		};
		EA9A55DD205FCF4E00056346 /* iOS-OC-ProjectTests */ = {
			isa = PBXNativeTarget;
			buildConfigurationList = EA9A55F5205FCF4E00056346 /* Build configuration list for PBXNativeTarget "iOS-OC-ProjectTests" */;
			buildPhases = (
				EA9A55DA205FCF4E00056346 /* Sources */,
				EA9A55DB205FCF4E00056346 /* Frameworks */,
				EA9A55DC205FCF4E00056346 /* Resources */,
			);
			buildRules = (
			);
			dependencies = (
				EA9A55E0205FCF4E00056346 /* PBXTargetDependency */,
			);
			name = "iOS-OC-ProjectTests";
			productName = "iOS-OC-ProjectTests";
			productReference = EA9A55DE205FCF4E00056346 /* iOS-OC-ProjectTests.xctest */;
			productType = "com.apple.product-type.bundle.unit-test";
		};
		EA9A55E8205FCF4E00056346 /* iOS-OC-ProjectUITests */ = {
			isa = PBXNativeTarget;
			buildConfigurationList = EA9A55F8205FCF4E00056346 /* Build configuration list for PBXNativeTarget "iOS-OC-ProjectUITests" */;
			buildPhases = (
				EA9A55E5205FCF4E00056346 /* Sources */,
				EA9A55E6205FCF4E00056346 /* Frameworks */,
				EA9A55E7205FCF4E00056346 /* Resources */,
			);
			buildRules = (
			);
			dependencies = (
				EA9A55EB205FCF4E00056346 /* PBXTargetDependency */,
			);
			name = "iOS-OC-ProjectUITests";
			productName = "iOS-OC-ProjectUITests";
			productReference = EA9A55E9205FCF4E00056346 /* iOS-OC-ProjectUITests.xctest */;
			productType = "com.apple.product-type.bundle.ui-testing";
		};
/* End PBXNativeTarget section */

/* Begin PBXProject section */
		EA9A55BE205FCF4D00056346 /* Project object */ = {
			isa = PBXProject;
			attributes = {
				LastUpgradeCheck = 0920;
				ORGANIZATIONNAME = liujiliu;
				TargetAttributes = {
					EA9A55C5205FCF4D00056346 = {
						CreatedOnToolsVersion = 9.2;
						ProvisioningStyle = Automatic;
					};
					EA9A55DD205FCF4E00056346 = {
						CreatedOnToolsVersion = 9.2;
						ProvisioningStyle = Automatic;
						TestTargetID = EA9A55C5205FCF4D00056346;
					};
					EA9A55E8205FCF4E00056346 = {
						CreatedOnToolsVersion = 9.2;
						ProvisioningStyle = Automatic;
						TestTargetID = EA9A55C5205FCF4D00056346;
					};
				};
			};
			buildConfigurationList = EA9A55C1205FCF4D00056346 /* Build configuration list for PBXProject "iOS-OC-Project" */;
			compatibilityVersion = "Xcode 8.0";
			developmentRegion = en;
			hasScannedForEncodings = 0;
			knownRegions = (
				en,
				Base,
			);
			mainGroup = EA9A55BD205FCF4D00056346;
			productRefGroup = EA9A55C7205FCF4D00056346 /* Products */;
			projectDirPath = "";
			projectRoot = "";
			targets = (
				EA9A55C5205FCF4D00056346 /* iOS-OC-Project */,
				EA9A55DD205FCF4E00056346 /* iOS-OC-ProjectTests */,
				EA9A55E8205FCF4E00056346 /* iOS-OC-ProjectUITests */,
			);
		};
/* End PBXProject section */

/* Begin PBXResourcesBuildPhase section */
		EA9A55C4205FCF4D00056346 /* Resources */ = {
			isa = PBXResourcesBuildPhase;
			buildActionMask = 2147483647;
			files = (
				EA9A55D6205FCF4E00056346 /* LaunchScreen.storyboard in Resources */,
				EA14583B206F125700EAF442 /* VCLayerTimeLine.xib in Resources */,
				EA145828206E38CC00EAF442 /* HomeCell.xib in Resources */,
				EA9A55D3205FCF4E00056346 /* Assets.xcassets in Resources */,
				EADC51F8213D16420090408B /* VCTest.xib in Resources */,
				EAD00DEB2087A5A00085131E /* BluetoothCell.xib in Resources */,
			);
			runOnlyForDeploymentPostprocessing = 0;
		};
		EA9A55DC205FCF4E00056346 /* Resources */ = {
			isa = PBXResourcesBuildPhase;
			buildActionMask = 2147483647;
			files = (
			);
			runOnlyForDeploymentPostprocessing = 0;
		};
		EA9A55E7205FCF4E00056346 /* Resources */ = {
			isa = PBXResourcesBuildPhase;
			buildActionMask = 2147483647;
			files = (
			);
			runOnlyForDeploymentPostprocessing = 0;
		};
/* End PBXResourcesBuildPhase section */

/* Begin PBXShellScriptBuildPhase section */
		0EFB349F5C9568C6C08A7A9D /* [CP] Check Pods Manifest.lock */ = {
			isa = PBXShellScriptBuildPhase;
			buildActionMask = 2147483647;
			files = (
			);
			inputPaths = (
				"${PODS_PODFILE_DIR_PATH}/Podfile.lock",
				"${PODS_ROOT}/Manifest.lock",
			);
			name = "[CP] Check Pods Manifest.lock";
			outputPaths = (
				"$(DERIVED_FILE_DIR)/Pods-iOS-OC-Project-checkManifestLockResult.txt",
			);
			runOnlyForDeploymentPostprocessing = 0;
			shellPath = /bin/sh;
			shellScript = "diff \"${PODS_PODFILE_DIR_PATH}/Podfile.lock\" \"${PODS_ROOT}/Manifest.lock\" > /dev/null\nif [ $? != 0 ] ; then\n    # print error to STDERR\n    echo \"error: The sandbox is not in sync with the Podfile.lock. Run 'pod install' or update your CocoaPods installation.\" >&2\n    exit 1\nfi\n# This output is used by Xcode 'outputs' to avoid re-running this script phase.\necho \"SUCCESS\" > \"${SCRIPT_OUTPUT_FILE_0}\"\n";
			showEnvVarsInLog = 0;
		};
		7AE6BE8377573AAA4DE0C800 /* [CP] Copy Pods Resources */ = {
			isa = PBXShellScriptBuildPhase;
			buildActionMask = 2147483647;
			files = (
			);
			inputPaths = (
				"${SRCROOT}/Pods/Target Support Files/Pods-iOS-OC-Project/Pods-iOS-OC-Project-resources.sh",
				"${PODS_ROOT}/MJRefresh/MJRefresh/MJRefresh.bundle",
			);
			name = "[CP] Copy Pods Resources";
			outputPaths = (
				"${TARGET_BUILD_DIR}/${UNLOCALIZED_RESOURCES_FOLDER_PATH}/MJRefresh.bundle",
			);
			runOnlyForDeploymentPostprocessing = 0;
			shellPath = /bin/sh;
			shellScript = "\"${SRCROOT}/Pods/Target Support Files/Pods-iOS-OC-Project/Pods-iOS-OC-Project-resources.sh\"\n";
			showEnvVarsInLog = 0;
		};
/* End PBXShellScriptBuildPhase section */

/* Begin PBXSourcesBuildPhase section */
		EA9A55C2205FCF4D00056346 /* Sources */ = {
			isa = PBXSourcesBuildPhase;
			buildActionMask = 2147483647;
			files = (
				EAD00DEA2087A5A00085131E /* BluetoothCell.m in Sources */,
				EA145813206C903B00EAF442 /* UIImage+SIX.m in Sources */,
				EAD00DDB208796840085131E /* Bluetooth.m in Sources */,
				EAD00DE520879FCB0085131E /* BluetoothVC.m in Sources */,
				EA54433D207A18E300D7B39D /* WaterWaveLayer.m in Sources */,
				EA544343207A2C1000D7B39D /* RDWave.m in Sources */,
				EA9A55FE205FD5C600056346 /* PageView.m in Sources */,
				EAC188AE212EB6A300462512 /* UIView+SIX.m in Sources */,
				EA54433A207A17D000D7B39D /* WaterWaveView.m in Sources */,
				EAD00DE220879ABD0085131E /* UIApplication+SIX.m in Sources */,
				EA9A55D9205FCF4E00056346 /* main.m in Sources */,
				EA145823206DF7EB00EAF442 /* HomeViewModel.m in Sources */,
				EA4808F82063BDDC0089EA3E /* ARScanView.m in Sources */,
				EA145806206C706200EAF442 /* HomeVC.m in Sources */,
				EA14582B206E447C00EAF442 /* NavigationController.m in Sources */,
				EAF954E621080CA0000F3A43 /* TextKitDemoVC.m in Sources */,
				EA145810206C8B5A00EAF442 /* TabBarController.m in Sources */,
				EAC1889A212EA89600462512 /* VCTest.m in Sources */,
				EADE41EC207863C400C5A733 /* WaveView.m in Sources */,
				EAC188A2212EB31000462512 /* SIXConst.m in Sources */,
				EADE41EF207863DF00C5A733 /* WaveVC.m in Sources */,
				EA145833206E4D8900EAF442 /* TimeLineLayer.m in Sources */,
				EA14581A206D046C00EAF442 /* ShowVC.m in Sources */,
				EA9A55CB205FCF4E00056346 /* AppDelegate.m in Sources */,
				EA48090420650E110089EA3E /* ARScanBackgroundLayer.m in Sources */,
				EAD00DDF2087992D0085131E /* Helper.m in Sources */,
				EA14581D206D049F00EAF442 /* UIViewController+SIX.m in Sources */,
				EA145816206C97F800EAF442 /* HomeModel.m in Sources */,
				EADE41E9207863A000C5A733 /* WaveLayer.m in Sources */,
				EA4808FE2063CAEC0089EA3E /* VCARScan.m in Sources */,
				EAF0A8F621057BC300ADC972 /* ExcelVC.m in Sources */,
				EA3669E6207AF29A00138A42 /* MHPTitleBar.m in Sources */,
				EAF0A8F92105C1F200ADC972 /* ExcelShareItem.m in Sources */,
				EA14580C206C7CD300EAF442 /* UIColor+SIX.m in Sources */,
				EA14583A206F125700EAF442 /* VCLayerTimeLine.m in Sources */,
				EA544344207A2C1000D7B39D /* RDWaveView.m in Sources */,
				EA145827206E38CC00EAF442 /* HomeCell.m in Sources */,
				EA4808FB2063CAA30089EA3E /* PageViewController.m in Sources */,
			);
			runOnlyForDeploymentPostprocessing = 0;
		};
		EA9A55DA205FCF4E00056346 /* Sources */ = {
			isa = PBXSourcesBuildPhase;
			buildActionMask = 2147483647;
			files = (
				EA9A55E3205FCF4E00056346 /* iOS_OC_ProjectTests.m in Sources */,
			);
			runOnlyForDeploymentPostprocessing = 0;
		};
		EA9A55E5205FCF4E00056346 /* Sources */ = {
			isa = PBXSourcesBuildPhase;
			buildActionMask = 2147483647;
			files = (
				EA9A55EE205FCF4E00056346 /* iOS_OC_ProjectUITests.m in Sources */,
			);
			runOnlyForDeploymentPostprocessing = 0;
		};
/* End PBXSourcesBuildPhase section */

/* Begin PBXTargetDependency section */
		EA9A55E0205FCF4E00056346 /* PBXTargetDependency */ = {
			isa = PBXTargetDependency;
			target = EA9A55C5205FCF4D00056346 /* iOS-OC-Project */;
			targetProxy = EA9A55DF205FCF4E00056346 /* PBXContainerItemProxy */;
		};
		EA9A55EB205FCF4E00056346 /* PBXTargetDependency */ = {
			isa = PBXTargetDependency;
			target = EA9A55C5205FCF4D00056346 /* iOS-OC-Project */;
			targetProxy = EA9A55EA205FCF4E00056346 /* PBXContainerItemProxy */;
		};
/* End PBXTargetDependency section */

/* Begin PBXVariantGroup section */
		EA9A55D4205FCF4E00056346 /* LaunchScreen.storyboard */ = {
			isa = PBXVariantGroup;
			children = (
				EA9A55D5205FCF4E00056346 /* Base */,
			);
			name = LaunchScreen.storyboard;
			sourceTree = "<group>";
		};
/* End PBXVariantGroup section */

/* Begin XCBuildConfiguration section */
		EA9A55F0205FCF4E00056346 /* Debug */ = {
			isa = XCBuildConfiguration;
			buildSettings = {
				ALWAYS_SEARCH_USER_PATHS = NO;
				CLANG_ANALYZER_NONNULL = YES;
				CLANG_ANALYZER_NUMBER_OBJECT_CONVERSION = YES_AGGRESSIVE;
				CLANG_CXX_LANGUAGE_STANDARD = "gnu++14";
				CLANG_CXX_LIBRARY = "libc++";
				CLANG_ENABLE_MODULES = YES;
				CLANG_ENABLE_OBJC_ARC = YES;
				CLANG_WARN_BLOCK_CAPTURE_AUTORELEASING = YES;
				CLANG_WARN_BOOL_CONVERSION = YES;
				CLANG_WARN_COMMA = YES;
				CLANG_WARN_CONSTANT_CONVERSION = YES;
				CLANG_WARN_DIRECT_OBJC_ISA_USAGE = YES_ERROR;
				CLANG_WARN_DOCUMENTATION_COMMENTS = YES;
				CLANG_WARN_EMPTY_BODY = YES;
				CLANG_WARN_ENUM_CONVERSION = YES;
				CLANG_WARN_INFINITE_RECURSION = YES;
				CLANG_WARN_INT_CONVERSION = YES;
				CLANG_WARN_NON_LITERAL_NULL_CONVERSION = YES;
				CLANG_WARN_OBJC_LITERAL_CONVERSION = YES;
				CLANG_WARN_OBJC_ROOT_CLASS = YES_ERROR;
				CLANG_WARN_RANGE_LOOP_ANALYSIS = YES;
				CLANG_WARN_STRICT_PROTOTYPES = YES;
				CLANG_WARN_SUSPICIOUS_MOVE = YES;
				CLANG_WARN_UNGUARDED_AVAILABILITY = YES_AGGRESSIVE;
				CLANG_WARN_UNREACHABLE_CODE = YES;
				CLANG_WARN__DUPLICATE_METHOD_MATCH = YES;
				CODE_SIGN_IDENTITY = "iPhone Developer";
				COPY_PHASE_STRIP = NO;
				DEBUG_INFORMATION_FORMAT = dwarf;
				ENABLE_STRICT_OBJC_MSGSEND = YES;
				ENABLE_TESTABILITY = YES;
				GCC_C_LANGUAGE_STANDARD = gnu11;
				GCC_DYNAMIC_NO_PIC = NO;
				GCC_NO_COMMON_BLOCKS = YES;
				GCC_OPTIMIZATION_LEVEL = 0;
				GCC_PREPROCESSOR_DEFINITIONS = (
					"DEBUG=1",
					"$(inherited)",
				);
				GCC_WARN_64_TO_32_BIT_CONVERSION = YES;
				GCC_WARN_ABOUT_RETURN_TYPE = YES_ERROR;
				GCC_WARN_UNDECLARED_SELECTOR = YES;
				GCC_WARN_UNINITIALIZED_AUTOS = YES_AGGRESSIVE;
				GCC_WARN_UNUSED_FUNCTION = YES;
				GCC_WARN_UNUSED_VARIABLE = YES;
				IPHONEOS_DEPLOYMENT_TARGET = 11.2;
				MTL_ENABLE_DEBUG_INFO = YES;
				ONLY_ACTIVE_ARCH = YES;
				SDKROOT = iphoneos;
			};
			name = Debug;
		};
		EA9A55F1205FCF4E00056346 /* Release */ = {
			isa = XCBuildConfiguration;
			buildSettings = {
				ALWAYS_SEARCH_USER_PATHS = NO;
				CLANG_ANALYZER_NONNULL = YES;
				CLANG_ANALYZER_NUMBER_OBJECT_CONVERSION = YES_AGGRESSIVE;
				CLANG_CXX_LANGUAGE_STANDARD = "gnu++14";
				CLANG_CXX_LIBRARY = "libc++";
				CLANG_ENABLE_MODULES = YES;
				CLANG_ENABLE_OBJC_ARC = YES;
				CLANG_WARN_BLOCK_CAPTURE_AUTORELEASING = YES;
				CLANG_WARN_BOOL_CONVERSION = YES;
				CLANG_WARN_COMMA = YES;
				CLANG_WARN_CONSTANT_CONVERSION = YES;
				CLANG_WARN_DIRECT_OBJC_ISA_USAGE = YES_ERROR;
				CLANG_WARN_DOCUMENTATION_COMMENTS = YES;
				CLANG_WARN_EMPTY_BODY = YES;
				CLANG_WARN_ENUM_CONVERSION = YES;
				CLANG_WARN_INFINITE_RECURSION = YES;
				CLANG_WARN_INT_CONVERSION = YES;
				CLANG_WARN_NON_LITERAL_NULL_CONVERSION = YES;
				CLANG_WARN_OBJC_LITERAL_CONVERSION = YES;
				CLANG_WARN_OBJC_ROOT_CLASS = YES_ERROR;
				CLANG_WARN_RANGE_LOOP_ANALYSIS = YES;
				CLANG_WARN_STRICT_PROTOTYPES = YES;
				CLANG_WARN_SUSPICIOUS_MOVE = YES;
				CLANG_WARN_UNGUARDED_AVAILABILITY = YES_AGGRESSIVE;
				CLANG_WARN_UNREACHABLE_CODE = YES;
				CLANG_WARN__DUPLICATE_METHOD_MATCH = YES;
				CODE_SIGN_IDENTITY = "iPhone Developer";
				COPY_PHASE_STRIP = NO;
				DEBUG_INFORMATION_FORMAT = "dwarf-with-dsym";
				ENABLE_NS_ASSERTIONS = NO;
				ENABLE_STRICT_OBJC_MSGSEND = YES;
				GCC_C_LANGUAGE_STANDARD = gnu11;
				GCC_NO_COMMON_BLOCKS = YES;
				GCC_WARN_64_TO_32_BIT_CONVERSION = YES;
				GCC_WARN_ABOUT_RETURN_TYPE = YES_ERROR;
				GCC_WARN_UNDECLARED_SELECTOR = YES;
				GCC_WARN_UNINITIALIZED_AUTOS = YES_AGGRESSIVE;
				GCC_WARN_UNUSED_FUNCTION = YES;
				GCC_WARN_UNUSED_VARIABLE = YES;
				IPHONEOS_DEPLOYMENT_TARGET = 11.2;
				MTL_ENABLE_DEBUG_INFO = NO;
				SDKROOT = iphoneos;
				VALIDATE_PRODUCT = YES;
			};
			name = Release;
		};
		EA9A55F3205FCF4E00056346 /* Debug */ = {
			isa = XCBuildConfiguration;
			baseConfigurationReference = BEC0B5037C5A5B54A4713E73 /* Pods-iOS-OC-Project.debug.xcconfig */;
			buildSettings = {
				ASSETCATALOG_COMPILER_APPICON_NAME = AppIcon;
				CODE_SIGN_STYLE = Automatic;
				DEVELOPMENT_TEAM = E82T5RLF74;
				GCC_PREFIX_HEADER = "$(SRCROOT)/iOS-OC-Project/Support Files/PrefixHeader.pch";
				INFOPLIST_FILE = "iOS-OC-Project/Support Files/Info.plist";
				IPHONEOS_DEPLOYMENT_TARGET = 9.0;
				LD_RUNPATH_SEARCH_PATHS = "$(inherited) @executable_path/Frameworks";
				PRODUCT_BUNDLE_IDENTIFIER = "github.com-jiliuliu.iOS-OC-Project";
				PRODUCT_NAME = "$(TARGET_NAME)";
				TARGETED_DEVICE_FAMILY = "1,2";
			};
			name = Debug;
		};
		EA9A55F4205FCF4E00056346 /* Release */ = {
			isa = XCBuildConfiguration;
			baseConfigurationReference = B363D56364DEA0E1991B7902 /* Pods-iOS-OC-Project.release.xcconfig */;
			buildSettings = {
				ASSETCATALOG_COMPILER_APPICON_NAME = AppIcon;
				CODE_SIGN_STYLE = Automatic;
				DEVELOPMENT_TEAM = E82T5RLF74;
				GCC_PREFIX_HEADER = "$(SRCROOT)/iOS-OC-Project/Support Files/PrefixHeader.pch";
				INFOPLIST_FILE = "iOS-OC-Project/Support Files/Info.plist";
				IPHONEOS_DEPLOYMENT_TARGET = 9.0;
				LD_RUNPATH_SEARCH_PATHS = "$(inherited) @executable_path/Frameworks";
				PRODUCT_BUNDLE_IDENTIFIER = "github.com-jiliuliu.iOS-OC-Project";
				PRODUCT_NAME = "$(TARGET_NAME)";
				TARGETED_DEVICE_FAMILY = "1,2";
			};
			name = Release;
		};
		EA9A55F6205FCF4E00056346 /* Debug */ = {
			isa = XCBuildConfiguration;
			buildSettings = {
				BUNDLE_LOADER = "$(TEST_HOST)";
				CODE_SIGN_STYLE = Automatic;
				DEVELOPMENT_TEAM = E82T5RLF74;
				INFOPLIST_FILE = "iOS-OC-ProjectTests/Info.plist";
				LD_RUNPATH_SEARCH_PATHS = "$(inherited) @executable_path/Frameworks @loader_path/Frameworks";
				PRODUCT_BUNDLE_IDENTIFIER = "github.com-jiliuliu.iOS-OC-ProjectTests";
				PRODUCT_NAME = "$(TARGET_NAME)";
				TARGETED_DEVICE_FAMILY = "1,2";
				TEST_HOST = "$(BUILT_PRODUCTS_DIR)/iOS-OC-Project.app/iOS-OC-Project";
			};
			name = Debug;
		};
		EA9A55F7205FCF4E00056346 /* Release */ = {
			isa = XCBuildConfiguration;
			buildSettings = {
				BUNDLE_LOADER = "$(TEST_HOST)";
				CODE_SIGN_STYLE = Automatic;
				DEVELOPMENT_TEAM = E82T5RLF74;
				INFOPLIST_FILE = "iOS-OC-ProjectTests/Info.plist";
				LD_RUNPATH_SEARCH_PATHS = "$(inherited) @executable_path/Frameworks @loader_path/Frameworks";
				PRODUCT_BUNDLE_IDENTIFIER = "github.com-jiliuliu.iOS-OC-ProjectTests";
				PRODUCT_NAME = "$(TARGET_NAME)";
				TARGETED_DEVICE_FAMILY = "1,2";
				TEST_HOST = "$(BUILT_PRODUCTS_DIR)/iOS-OC-Project.app/iOS-OC-Project";
			};
			name = Release;
		};
		EA9A55F9205FCF4E00056346 /* Debug */ = {
			isa = XCBuildConfiguration;
			buildSettings = {
				CODE_SIGN_STYLE = Automatic;
				DEVELOPMENT_TEAM = E82T5RLF74;
				INFOPLIST_FILE = "iOS-OC-ProjectUITests/Info.plist";
				LD_RUNPATH_SEARCH_PATHS = "$(inherited) @executable_path/Frameworks @loader_path/Frameworks";
				PRODUCT_BUNDLE_IDENTIFIER = "github.com-jiliuliu.iOS-OC-ProjectUITests";
				PRODUCT_NAME = "$(TARGET_NAME)";
				TARGETED_DEVICE_FAMILY = "1,2";
				TEST_TARGET_NAME = "iOS-OC-Project";
			};
			name = Debug;
		};
		EA9A55FA205FCF4E00056346 /* Release */ = {
			isa = XCBuildConfiguration;
			buildSettings = {
				CODE_SIGN_STYLE = Automatic;
				DEVELOPMENT_TEAM = E82T5RLF74;
				INFOPLIST_FILE = "iOS-OC-ProjectUITests/Info.plist";
				LD_RUNPATH_SEARCH_PATHS = "$(inherited) @executable_path/Frameworks @loader_path/Frameworks";
				PRODUCT_BUNDLE_IDENTIFIER = "github.com-jiliuliu.iOS-OC-ProjectUITests";
				PRODUCT_NAME = "$(TARGET_NAME)";
				TARGETED_DEVICE_FAMILY = "1,2";
				TEST_TARGET_NAME = "iOS-OC-Project";
			};
			name = Release;
		};
/* End XCBuildConfiguration section */

/* Begin XCConfigurationList section */
		EA9A55C1205FCF4D00056346 /* Build configuration list for PBXProject "iOS-OC-Project" */ = {
			isa = XCConfigurationList;
			buildConfigurations = (
				EA9A55F0205FCF4E00056346 /* Debug */,
				EA9A55F1205FCF4E00056346 /* Release */,
			);
			defaultConfigurationIsVisible = 0;
			defaultConfigurationName = Release;
		};
		EA9A55F2205FCF4E00056346 /* Build configuration list for PBXNativeTarget "iOS-OC-Project" */ = {
			isa = XCConfigurationList;
			buildConfigurations = (
				EA9A55F3205FCF4E00056346 /* Debug */,
				EA9A55F4205FCF4E00056346 /* Release */,
			);
			defaultConfigurationIsVisible = 0;
			defaultConfigurationName = Release;
		};
		EA9A55F5205FCF4E00056346 /* Build configuration list for PBXNativeTarget "iOS-OC-ProjectTests" */ = {
			isa = XCConfigurationList;
			buildConfigurations = (
				EA9A55F6205FCF4E00056346 /* Debug */,
				EA9A55F7205FCF4E00056346 /* Release */,
			);
			defaultConfigurationIsVisible = 0;
			defaultConfigurationName = Release;
		};
		EA9A55F8205FCF4E00056346 /* Build configuration list for PBXNativeTarget "iOS-OC-ProjectUITests" */ = {
			isa = XCConfigurationList;
			buildConfigurations = (
				EA9A55F9205FCF4E00056346 /* Debug */,
				EA9A55FA205FCF4E00056346 /* Release */,
			);
			defaultConfigurationIsVisible = 0;
			defaultConfigurationName = Release;
		};
/* End XCConfigurationList section */
	};
	rootObject = EA9A55BE205FCF4D00056346 /* Project object */;
}
